
Microsoft Visual Studio Solution File, Format Version 12.00
# Visual Studio 14
VisualStudioVersion = 14.0.25123.0
MinimumVisualStudioVersion = 10.0.40219.1
Project("{FAE04EC0-301F-11D3-BF4B-00C04F79EFBC}") = "wellnet", "wellnet\wellnet\wellnet.csproj", "{1ADAA924-4DBB-480A-93CF-E99AC6ACE04F}"
EndProject
Project("{FAE04EC0-301F-11D3-BF4B-00C04F79EFBC}") = "wellnet.iOS", "wellnet\iOS\wellnet.iOS.csproj", "{3517B3E4-4DB9-4F31-8CF4-F20E166B28D5}"
EndProject
Project("{FAE04EC0-301F-11D3-BF4B-00C04F79EFBC}") = "wellnet.Droid", "wellnet\Droid\wellnet.Droid.csproj", "{4CEF1175-C8EB-40FE-BB81-B23AEDEE1CFE}"
EndProject
Global
	GlobalSection(SolutionConfigurationPlatforms) = preSolution
		Debug|Any CPU = Debug|Any CPU
		Debug|iPhone = Debug|iPhone
		Debug|iPhoneSimulator = Debug|iPhoneSimulator
		Release|Any CPU = Release|Any CPU
		Release|iPhone = Release|iPhone
		Release|iPhoneSimulator = Release|iPhoneSimulator
	EndGlobalSection
	GlobalSection(ProjectConfigurationPlatforms) = postSolution
		{1ADAA924-4DBB-480A-93CF-E99AC6ACE04F}.Debug|Any CPU.ActiveCfg = Debug|Any CPU
		{1ADAA924-4DBB-480A-93CF-E99AC6ACE04F}.Debug|Any CPU.Build.0 = Debug|Any CPU
		{1ADAA924-4DBB-480A-93CF-E99AC6ACE04F}.Debug|iPhone.ActiveCfg = Debug|Any CPU
		{1ADAA924-4DBB-480A-93CF-E99AC6ACE04F}.Debug|iPhone.Build.0 = Debug|Any CPU
		{1ADAA924-4DBB-480A-93CF-E99AC6ACE04F}.Debug|iPhoneSimulator.ActiveCfg = Debug|Any CPU
		{1ADAA924-4DBB-480A-93CF-E99AC6ACE04F}.Debug|iPhoneSimulator.Build.0 = Debug|Any CPU
		{1ADAA924-4DBB-480A-93CF-E99AC6ACE04F}.Release|Any CPU.ActiveCfg = Release|Any CPU
		{1ADAA924-4DBB-480A-93CF-E99AC6ACE04F}.Release|Any CPU.Build.0 = Release|Any CPU
		{1ADAA924-4DBB-480A-93CF-E99AC6ACE04F}.Release|iPhone.ActiveCfg = Release|Any CPU
		{1ADAA924-4DBB-480A-93CF-E99AC6ACE04F}.Release|iPhone.Build.0 = Release|Any CPU
		{1ADAA924-4DBB-480A-93CF-E99AC6ACE04F}.Release|iPhoneSimulator.ActiveCfg = Release|Any CPU
		{1ADAA924-4DBB-480A-93CF-E99AC6ACE04F}.Release|iPhoneSimulator.Build.0 = Release|Any CPU
		{3517B3E4-4DB9-4F31-8CF4-F20E166B28D5}.Debug|Any CPU.ActiveCfg = Debug|iPhoneSimulator
		{3517B3E4-4DB9-4F31-8CF4-F20E166B28D5}.Debug|Any CPU.Build.0 = Debug|iPhoneSimulator
		{3517B3E4-4DB9-4F31-8CF4-F20E166B28D5}.Debug|iPhone.ActiveCfg = Debug|iPhone
		{3517B3E4-4DB9-4F31-8CF4-F20E166B28D5}.Debug|iPhone.Build.0 = Debug|iPhone
		{3517B3E4-4DB9-4F31-8CF4-F20E166B28D5}.Debug|iPhoneSimulator.ActiveCfg = Debug|iPhoneSimulator
		{3517B3E4-4DB9-4F31-8CF4-F20E166B28D5}.Debug|iPhoneSimulator.Build.0 = Debug|iPhoneSimulator
		{3517B3E4-4DB9-4F31-8CF4-F20E166B28D5}.Release|Any CPU.ActiveCfg = Release|iPhone
		{3517B3E4-4DB9-4F31-8CF4-F20E166B28D5}.Release|Any CPU.Build.0 = Release|iPhone
		{3517B3E4-4DB9-4F31-8CF4-F20E166B28D5}.Release|iPhone.ActiveCfg = Release|iPhone
		{3517B3E4-4DB9-4F31-8CF4-F20E166B28D5}.Release|iPhone.Build.0 = Release|iPhone
		{3517B3E4-4DB9-4F31-8CF4-F20E166B28D5}.Release|iPhoneSimulator.ActiveCfg = Release|iPhoneSimulator
		{3517B3E4-4DB9-4F31-8CF4-F20E166B28D5}.Release|iPhoneSimulator.Build.0 = Release|iPhoneSimulator
		{4CEF1175-C8EB-40FE-BB81-B23AEDEE1CFE}.Debug|Any CPU.ActiveCfg = Debug|Any CPU
		{4CEF1175-C8EB-40FE-BB81-B23AEDEE1CFE}.Debug|Any CPU.Build.0 = Debug|Any CPU
		{4CEF1175-C8EB-40FE-BB81-B23AEDEE1CFE}.Debug|Any CPU.Deploy.0 = Debug|Any CPU
		{4CEF1175-C8EB-40FE-BB81-B23AEDEE1CFE}.Debug|iPhone.ActiveCfg = Debug|Any CPU
		{4CEF1175-C8EB-40FE-BB81-B23AEDEE1CFE}.Debug|iPhone.Build.0 = Debug|Any CPU
		{4CEF1175-C8EB-40FE-BB81-B23AEDEE1CFE}.Debug|iPhoneSimulator.ActiveCfg = Debug|Any CPU
		{4CEF1175-C8EB-40FE-BB81-B23AEDEE1CFE}.Debug|iPhoneSimulator.Build.0 = Debug|Any CPU
		{4CEF1175-C8EB-40FE-BB81-B23AEDEE1CFE}.Release|Any CPU.ActiveCfg = Release|Any CPU
		{4CEF1175-C8EB-40FE-BB81-B23AEDEE1CFE}.Release|Any CPU.Build.0 = Release|Any CPU
		{4CEF1175-C8EB-40FE-BB81-B23AEDEE1CFE}.Release|iPhone.ActiveCfg = Release|Any CPU
		{4CEF1175-C8EB-40FE-BB81-B23AEDEE1CFE}.Release|iPhone.Build.0 = Release|Any CPU
		{4CEF1175-C8EB-40FE-BB81-B23AEDEE1CFE}.Release|iPhoneSimulator.ActiveCfg = Release|Any CPU
		{4CEF1175-C8EB-40FE-BB81-B23AEDEE1CFE}.Release|iPhoneSimulator.Build.0 = Release|Any CPU
	EndGlobalSection
	GlobalSection(SolutionProperties) = preSolution
		HideSolutionNode = FALSE
	EndGlobalSection
EndGlobal
